
Microsoft Visual Studio Solution File, Format Version 12.00
# Visual Studio Version 16
VisualStudioVersion = 16.0.31729.503
MinimumVisualStudioVersion = 10.0.40219.1
Project("{FAE04EC0-301F-11D3-BF4B-00C04F79EFBC}") = "LineComparisonUC4", "LineComparisonUC4\LineComparisonUC4.csproj", "{23294235-8198-4B35-BE15-4B9BBD8051BB}"
EndProject
Global
	GlobalSection(SolutionConfigurationPlatforms) = preSolution
		Debug|Any CPU = Debug|Any CPU
		Release|Any CPU = Release|Any CPU
	EndGlobalSection
	GlobalSection(ProjectConfigurationPlatforms) = postSolution
		{23294235-8198-4B35-BE15-4B9BBD8051BB}.Debug|Any CPU.ActiveCfg = Debug|Any CPU
		{23294235-8198-4B35-BE15-4B9BBD8051BB}.Debug|Any CPU.Build.0 = Debug|Any CPU
		{23294235-8198-4B35-BE15-4B9BBD8051BB}.Release|Any CPU.ActiveCfg = Release|Any CPU
		{23294235-8198-4B35-BE15-4B9BBD8051BB}.Release|Any CPU.Build.0 = Release|Any CPU
	EndGlobalSection
	GlobalSection(SolutionProperties) = preSolution
		HideSolutionNode = FALSE
	EndGlobalSection
	GlobalSection(ExtensibilityGlobals) = postSolution
		SolutionGuid = {657C93A4-605A-4FE5-AB20-E4EEEDB028B9}
	EndGlobalSection
EndGlobal
